// !$*UTF8*$!
{
	archiveVersion = 1;
	classes = {
	};
	objectVersion = 50;
	objects = {

/* Begin PBXBuildFile section */
		D2E205872372580E009994B7 /* AppDelegate.swift in Sources */ = {isa = PBXBuildFile; fileRef = D2E205862372580E009994B7 /* AppDelegate.swift */; };
		D2E205892372580E009994B7 /* ViewController.swift in Sources */ = {isa = PBXBuildFile; fileRef = D2E205882372580E009994B7 /* ViewController.swift */; };
		D2E2058C2372580E009994B7 /* Main.storyboard in Resources */ = {isa = PBXBuildFile; fileRef = D2E2058A2372580E009994B7 /* Main.storyboard */; };
		D2E2058E23725813009994B7 /* Assets.xcassets in Resources */ = {isa = PBXBuildFile; fileRef = D2E2058D23725813009994B7 /* Assets.xcassets */; };
		D2E2059123725814009994B7 /* LaunchScreen.storyboard in Resources */ = {isa = PBXBuildFile; fileRef = D2E2058F23725814009994B7 /* LaunchScreen.storyboard */; };
		D2E2059C23725814009994B7 /* CoordinatorTests.swift in Sources */ = {isa = PBXBuildFile; fileRef = D2E2059B23725814009994B7 /* CoordinatorTests.swift */; };
		D2E205A723725815009994B7 /* CoordinatorUITests.swift in Sources */ = {isa = PBXBuildFile; fileRef = D2E205A623725815009994B7 /* CoordinatorUITests.swift */; };
		D2E205B8237258A0009994B7 /* Storyboarded.swift in Sources */ = {isa = PBXBuildFile; fileRef = D2E205B52372589F009994B7 /* Storyboarded.swift */; };
		D2E205B9237258A0009994B7 /* Coordinator.swift in Sources */ = {isa = PBXBuildFile; fileRef = D2E205B6237258A0009994B7 /* Coordinator.swift */; };
		D2E205BA237258A0009994B7 /* MainCoordinator.swift in Sources */ = {isa = PBXBuildFile; fileRef = D2E205B7237258A0009994B7 /* MainCoordinator.swift */; };
		D2E205BF237258F0009994B7 /* BuyViewController.swift in Sources */ = {isa = PBXBuildFile; fileRef = D2E205BC237258EF009994B7 /* BuyViewController.swift */; };
		D2E205C0237258F0009994B7 /* CreateAccountViewController.swift in Sources */ = {isa = PBXBuildFile; fileRef = D2E205BD237258F0009994B7 /* CreateAccountViewController.swift */; };
/* End PBXBuildFile section */

/* Begin PBXContainerItemProxy section */
		D2E2059823725814009994B7 /* PBXContainerItemProxy */ = {
			isa = PBXContainerItemProxy;
			containerPortal = D2E2057B2372580E009994B7 /* Project object */;
			proxyType = 1;
			remoteGlobalIDString = D2E205822372580E009994B7;
			remoteInfo = Coordinator;
		};
		D2E205A323725815009994B7 /* PBXContainerItemProxy */ = {
			isa = PBXContainerItemProxy;
			containerPortal = D2E2057B2372580E009994B7 /* Project object */;
			proxyType = 1;
			remoteGlobalIDString = D2E205822372580E009994B7;
			remoteInfo = Coordinator;
		};
/* End PBXContainerItemProxy section */

/* Begin PBXFileReference section */
		D2E205832372580E009994B7 /* Coordinator.app */ = {isa = PBXFileReference; explicitFileType = wrapper.application; includeInIndex = 0; path = Coordinator.app; sourceTree = BUILT_PRODUCTS_DIR; };
		D2E205862372580E009994B7 /* AppDelegate.swift */ = {isa = PBXFileReference; lastKnownFileType = sourcecode.swift; path = AppDelegate.swift; sourceTree = "<group>"; };
		D2E205882372580E009994B7 /* ViewController.swift */ = {isa = PBXFileReference; lastKnownFileType = sourcecode.swift; path = ViewController.swift; sourceTree = "<group>"; };
		D2E2058B2372580E009994B7 /* Base */ = {isa = PBXFileReference; lastKnownFileType = file.storyboard; name = Base; path = Base.lproj/Main.storyboard; sourceTree = "<group>"; };
		D2E2058D23725813009994B7 /* Assets.xcassets */ = {isa = PBXFileReference; lastKnownFileType = folder.assetcatalog; path = Assets.xcassets; sourceTree = "<group>"; };
		D2E2059023725814009994B7 /* Base */ = {isa = PBXFileReference; lastKnownFileType = file.storyboard; name = Base; path = Base.lproj/LaunchScreen.storyboard; sourceTree = "<group>"; };
		D2E2059223725814009994B7 /* Info.plist */ = {isa = PBXFileReference; lastKnownFileType = text.plist.xml; path = Info.plist; sourceTree = "<group>"; };
		D2E2059723725814009994B7 /* CoordinatorTests.xctest */ = {isa = PBXFileReference; explicitFileType = wrapper.cfbundle; includeInIndex = 0; path = CoordinatorTests.xctest; sourceTree = BUILT_PRODUCTS_DIR; };
		D2E2059B23725814009994B7 /* CoordinatorTests.swift */ = {isa = PBXFileReference; lastKnownFileType = sourcecode.swift; path = CoordinatorTests.swift; sourceTree = "<group>"; };
		D2E2059D23725815009994B7 /* Info.plist */ = {isa = PBXFileReference; lastKnownFileType = text.plist.xml; path = Info.plist; sourceTree = "<group>"; };
		D2E205A223725815009994B7 /* CoordinatorUITests.xctest */ = {isa = PBXFileReference; explicitFileType = wrapper.cfbundle; includeInIndex = 0; path = CoordinatorUITests.xctest; sourceTree = BUILT_PRODUCTS_DIR; };
		D2E205A623725815009994B7 /* CoordinatorUITests.swift */ = {isa = PBXFileReference; lastKnownFileType = sourcecode.swift; path = CoordinatorUITests.swift; sourceTree = "<group>"; };
		D2E205A823725815009994B7 /* Info.plist */ = {isa = PBXFileReference; lastKnownFileType = text.plist.xml; path = Info.plist; sourceTree = "<group>"; };
		D2E205B52372589F009994B7 /* Storyboarded.swift */ = {isa = PBXFileReference; fileEncoding = 4; lastKnownFileType = sourcecode.swift; path = Storyboarded.swift; sourceTree = "<group>"; };
		D2E205B6237258A0009994B7 /* Coordinator.swift */ = {isa = PBXFileReference; fileEncoding = 4; lastKnownFileType = sourcecode.swift; path = Coordinator.swift; sourceTree = "<group>"; };
		D2E205B7237258A0009994B7 /* MainCoordinator.swift */ = {isa = PBXFileReference; fileEncoding = 4; lastKnownFileType = sourcecode.swift; path = MainCoordinator.swift; sourceTree = "<group>"; };
		D2E205BC237258EF009994B7 /* BuyViewController.swift */ = {isa = PBXFileReference; fileEncoding = 4; lastKnownFileType = sourcecode.swift; path = BuyViewController.swift; sourceTree = "<group>"; };
		D2E205BD237258F0009994B7 /* CreateAccountViewController.swift */ = {isa = PBXFileReference; fileEncoding = 4; lastKnownFileType = sourcecode.swift; path = CreateAccountViewController.swift; sourceTree = "<group>"; };
/* End PBXFileReference section */

/* Begin PBXFrameworksBuildPhase section */
		D2E205802372580E009994B7 /* Frameworks */ = {
			isa = PBXFrameworksBuildPhase;
			buildActionMask = 2147483647;
			files = (
			);
			runOnlyForDeploymentPostprocessing = 0;
		};
		D2E2059423725814009994B7 /* Frameworks */ = {
			isa = PBXFrameworksBuildPhase;
			buildActionMask = 2147483647;
			files = (
			);
			runOnlyForDeploymentPostprocessing = 0;
		};
		D2E2059F23725815009994B7 /* Frameworks */ = {
			isa = PBXFrameworksBuildPhase;
			buildActionMask = 2147483647;
			files = (
			);
			runOnlyForDeploymentPostprocessing = 0;
		};
/* End PBXFrameworksBuildPhase section */

/* Begin PBXGroup section */
		D2E2057A2372580E009994B7 = {
			isa = PBXGroup;
			children = (
				D2E205852372580E009994B7 /* Coordinator */,
				D2E2059A23725814009994B7 /* CoordinatorTests */,
				D2E205A523725815009994B7 /* CoordinatorUITests */,
				D2E205842372580E009994B7 /* Products */,
			);
			sourceTree = "<group>";
		};
		D2E205842372580E009994B7 /* Products */ = {
			isa = PBXGroup;
			children = (
				D2E205832372580E009994B7 /* Coordinator.app */,
				D2E2059723725814009994B7 /* CoordinatorTests.xctest */,
				D2E205A223725815009994B7 /* CoordinatorUITests.xctest */,
			);
			name = Products;
			sourceTree = "<group>";
		};
		D2E205852372580E009994B7 /* Coordinator */ = {
			isa = PBXGroup;
			children = (
				D2E205B423725868009994B7 /* Coordinators */,
				D2E205BB237258BD009994B7 /* Views */,
				D2E205862372580E009994B7 /* AppDelegate.swift */,
				D2E2058A2372580E009994B7 /* Main.storyboard */,
				D2E2058D23725813009994B7 /* Assets.xcassets */,
				D2E2058F23725814009994B7 /* LaunchScreen.storyboard */,
				D2E2059223725814009994B7 /* Info.plist */,
			);
			path = Coordinator;
			sourceTree = "<group>";
		};
		D2E2059A23725814009994B7 /* CoordinatorTests */ = {
			isa = PBXGroup;
			children = (
				D2E2059B23725814009994B7 /* CoordinatorTests.swift */,
				D2E2059D23725815009994B7 /* Info.plist */,
			);
			path = CoordinatorTests;
			sourceTree = "<group>";
		};
		D2E205A523725815009994B7 /* CoordinatorUITests */ = {
			isa = PBXGroup;
			children = (
				D2E205A623725815009994B7 /* CoordinatorUITests.swift */,
				D2E205A823725815009994B7 /* Info.plist */,
			);
			path = CoordinatorUITests;
			sourceTree = "<group>";
		};
		D2E205B423725868009994B7 /* Coordinators */ = {
			isa = PBXGroup;
			children = (
				D2E205B6237258A0009994B7 /* Coordinator.swift */,
				D2E205B7237258A0009994B7 /* MainCoordinator.swift */,
				D2E205B52372589F009994B7 /* Storyboarded.swift */,
			);
			path = Coordinators;
			sourceTree = "<group>";
		};
		D2E205BB237258BD009994B7 /* Views */ = {
			isa = PBXGroup;
			children = (
				D2E205BC237258EF009994B7 /* BuyViewController.swift */,
				D2E205BD237258F0009994B7 /* CreateAccountViewController.swift */,
				D2E205882372580E009994B7 /* ViewController.swift */,
			);
			path = Views;
			sourceTree = "<group>";
		};
/* End PBXGroup section */

/* Begin PBXNativeTarget section */
		D2E205822372580E009994B7 /* Coordinator */ = {
			isa = PBXNativeTarget;
			buildConfigurationList = D2E205AB23725815009994B7 /* Build configuration list for PBXNativeTarget "Coordinator" */;
			buildPhases = (
				D2E2057F2372580E009994B7 /* Sources */,
				D2E205802372580E009994B7 /* Frameworks */,
				D2E205812372580E009994B7 /* Resources */,
			);
			buildRules = (
			);
			dependencies = (
			);
			name = Coordinator;
			productName = Coordinator;
			productReference = D2E205832372580E009994B7 /* Coordinator.app */;
			productType = "com.apple.product-type.application";
		};
		D2E2059623725814009994B7 /* CoordinatorTests */ = {
			isa = PBXNativeTarget;
			buildConfigurationList = D2E205AE23725815009994B7 /* Build configuration list for PBXNativeTarget "CoordinatorTests" */;
			buildPhases = (
				D2E2059323725814009994B7 /* Sources */,
				D2E2059423725814009994B7 /* Frameworks */,
				D2E2059523725814009994B7 /* Resources */,
			);
			buildRules = (
			);
			dependencies = (
				D2E2059923725814009994B7 /* PBXTargetDependency */,
			);
			name = CoordinatorTests;
			productName = CoordinatorTests;
			productReference = D2E2059723725814009994B7 /* CoordinatorTests.xctest */;
			productType = "com.apple.product-type.bundle.unit-test";
		};
		D2E205A123725815009994B7 /* CoordinatorUITests */ = {
			isa = PBXNativeTarget;
			buildConfigurationList = D2E205B123725815009994B7 /* Build configuration list for PBXNativeTarget "CoordinatorUITests" */;
			buildPhases = (
				D2E2059E23725815009994B7 /* Sources */,
				D2E2059F23725815009994B7 /* Frameworks */,
				D2E205A023725815009994B7 /* Resources */,
			);
			buildRules = (
			);
			dependencies = (
				D2E205A423725815009994B7 /* PBXTargetDependency */,
			);
			name = CoordinatorUITests;
			productName = CoordinatorUITests;
			productReference = D2E205A223725815009994B7 /* CoordinatorUITests.xctest */;
			productType = "com.apple.product-type.bundle.ui-testing";
		};
/* End PBXNativeTarget section */

/* Begin PBXProject section */
		D2E2057B2372580E009994B7 /* Project object */ = {
			isa = PBXProject;
			attributes = {
				LastSwiftUpdateCheck = 1000;
				LastUpgradeCheck = 1000;
				ORGANIZATIONNAME = alessandro;
				TargetAttributes = {
					D2E205822372580E009994B7 = {
						CreatedOnToolsVersion = 10.0;
					};
					D2E2059623725814009994B7 = {
						CreatedOnToolsVersion = 10.0;
						TestTargetID = D2E205822372580E009994B7;
					};
					D2E205A123725815009994B7 = {
						CreatedOnToolsVersion = 10.0;
						TestTargetID = D2E205822372580E009994B7;
					};
				};
			};
			buildConfigurationList = D2E2057E2372580E009994B7 /* Build configuration list for PBXProject "Coordinator" */;
			compatibilityVersion = "Xcode 9.3";
			developmentRegion = en;
			hasScannedForEncodings = 0;
			knownRegions = (
				en,
				Base,
			);
			mainGroup = D2E2057A2372580E009994B7;
			productRefGroup = D2E205842372580E009994B7 /* Products */;
			projectDirPath = "";
			projectRoot = "";
			targets = (
				D2E205822372580E009994B7 /* Coordinator */,
				D2E2059623725814009994B7 /* CoordinatorTests */,
				D2E205A123725815009994B7 /* CoordinatorUITests */,
			);
		};
/* End PBXProject section */

/* Begin PBXResourcesBuildPhase section */
		D2E205812372580E009994B7 /* Resources */ = {
			isa = PBXResourcesBuildPhase;
			buildActionMask = 2147483647;
			files = (
				D2E2059123725814009994B7 /* LaunchScreen.storyboard in Resources */,
				D2E2058E23725813009994B7 /* Assets.xcassets in Resources */,
				D2E2058C2372580E009994B7 /* Main.storyboard in Resources */,
			);
			runOnlyForDeploymentPostprocessing = 0;
		};
		D2E2059523725814009994B7 /* Resources */ = {
			isa = PBXResourcesBuildPhase;
			buildActionMask = 2147483647;
			files = (
			);
			runOnlyForDeploymentPostprocessing = 0;
		};
		D2E205A023725815009994B7 /* Resources */ = {
			isa = PBXResourcesBuildPhase;
			buildActionMask = 2147483647;
			files = (
			);
			runOnlyForDeploymentPostprocessing = 0;
		};
/* End PBXResourcesBuildPhase section */

/* Begin PBXSourcesBuildPhase section */
		D2E2057F2372580E009994B7 /* Sources */ = {
			isa = PBXSourcesBuildPhase;
			buildActionMask = 2147483647;
			files = (
				D2E205C0237258F0009994B7 /* CreateAccountViewController.swift in Sources */,
				D2E205B9237258A0009994B7 /* Coordinator.swift in Sources */,
				D2E205892372580E009994B7 /* ViewController.swift in Sources */,
				D2E205872372580E009994B7 /* AppDelegate.swift in Sources */,
				D2E205BA237258A0009994B7 /* MainCoordinator.swift in Sources */,
				D2E205B8237258A0009994B7 /* Storyboarded.swift in Sources */,
				D2E205BF237258F0009994B7 /* BuyViewController.swift in Sources */,
			);
			runOnlyForDeploymentPostprocessing = 0;
		};
		D2E2059323725814009994B7 /* Sources */ = {
			isa = PBXSourcesBuildPhase;
			buildActionMask = 2147483647;
			files = (
				D2E2059C23725814009994B7 /* CoordinatorTests.swift in Sources */,
			);
			runOnlyForDeploymentPostprocessing = 0;
		};
		D2E2059E23725815009994B7 /* Sources */ = {
			isa = PBXSourcesBuildPhase;
			buildActionMask = 2147483647;
			files = (
				D2E205A723725815009994B7 /* CoordinatorUITests.swift in Sources */,
			);
			runOnlyForDeploymentPostprocessing = 0;
		};
/* End PBXSourcesBuildPhase section */

/* Begin PBXTargetDependency section */
		D2E2059923725814009994B7 /* PBXTargetDependency */ = {
			isa = PBXTargetDependency;
			target = D2E205822372580E009994B7 /* Coordinator */;
			targetProxy = D2E2059823725814009994B7 /* PBXContainerItemProxy */;
		};
		D2E205A423725815009994B7 /* PBXTargetDependency */ = {
			isa = PBXTargetDependency;
			target = D2E205822372580E009994B7 /* Coordinator */;
			targetProxy = D2E205A323725815009994B7 /* PBXContainerItemProxy */;
		};
/* End PBXTargetDependency section */

/* Begin PBXVariantGroup section */
		D2E2058A2372580E009994B7 /* Main.storyboard */ = {
			isa = PBXVariantGroup;
			children = (
				D2E2058B2372580E009994B7 /* Base */,
			);
			name = Main.storyboard;
			sourceTree = "<group>";
		};
		D2E2058F23725814009994B7 /* LaunchScreen.storyboard */ = {
			isa = PBXVariantGroup;
			children = (
				D2E2059023725814009994B7 /* Base */,
			);
			name = LaunchScreen.storyboard;
			sourceTree = "<group>";
		};
/* End PBXVariantGroup section */

/* Begin XCBuildConfiguration section */
		D2E205A923725815009994B7 /* Debug */ = {
			isa = XCBuildConfiguration;
			buildSettings = {
				ALWAYS_SEARCH_USER_PATHS = NO;
				CLANG_ANALYZER_NONNULL = YES;
				CLANG_ANALYZER_NUMBER_OBJECT_CONVERSION = YES_AGGRESSIVE;
				CLANG_CXX_LANGUAGE_STANDARD = "gnu++14";
				CLANG_CXX_LIBRARY = "libc++";
				CLANG_ENABLE_MODULES = YES;
				CLANG_ENABLE_OBJC_ARC = YES;
				CLANG_ENABLE_OBJC_WEAK = YES;
				CLANG_WARN_BLOCK_CAPTURE_AUTORELEASING = YES;
				CLANG_WARN_BOOL_CONVERSION = YES;
				CLANG_WARN_COMMA = YES;
				CLANG_WARN_CONSTANT_CONVERSION = YES;
				CLANG_WARN_DEPRECATED_OBJC_IMPLEMENTATIONS = YES;
				CLANG_WARN_DIRECT_OBJC_ISA_USAGE = YES_ERROR;
				CLANG_WARN_DOCUMENTATION_COMMENTS = YES;
				CLANG_WARN_EMPTY_BODY = YES;
				CLANG_WARN_ENUM_CONVERSION = YES;
				CLANG_WARN_INFINITE_RECURSION = YES;
				CLANG_WARN_INT_CONVERSION = YES;
				CLANG_WARN_NON_LITERAL_NULL_CONVERSION = YES;
				CLANG_WARN_OBJC_IMPLICIT_RETAIN_SELF = YES;
				CLANG_WARN_OBJC_LITERAL_CONVERSION = YES;
				CLANG_WARN_OBJC_ROOT_CLASS = YES_ERROR;
				CLANG_WARN_RANGE_LOOP_ANALYSIS = YES;
				CLANG_WARN_STRICT_PROTOTYPES = YES;
				CLANG_WARN_SUSPICIOUS_MOVE = YES;
				CLANG_WARN_UNGUARDED_AVAILABILITY = YES_AGGRESSIVE;
				CLANG_WARN_UNREACHABLE_CODE = YES;
				CLANG_WARN__DUPLICATE_METHOD_MATCH = YES;
				CODE_SIGN_IDENTITY = "iPhone Developer";
				COPY_PHASE_STRIP = NO;
				DEBUG_INFORMATION_FORMAT = dwarf;
				ENABLE_STRICT_OBJC_MSGSEND = YES;
				ENABLE_TESTABILITY = YES;
				GCC_C_LANGUAGE_STANDARD = gnu11;
				GCC_DYNAMIC_NO_PIC = NO;
				GCC_NO_COMMON_BLOCKS = YES;
				GCC_OPTIMIZATION_LEVEL = 0;
				GCC_PREPROCESSOR_DEFINITIONS = (
					"DEBUG=1",
					"$(inherited)",
				);
				GCC_WARN_64_TO_32_BIT_CONVERSION = YES;
				GCC_WARN_ABOUT_RETURN_TYPE = YES_ERROR;
				GCC_WARN_UNDECLARED_SELECTOR = YES;
				GCC_WARN_UNINITIALIZED_AUTOS = YES_AGGRESSIVE;
				GCC_WARN_UNUSED_FUNCTION = YES;
				GCC_WARN_UNUSED_VARIABLE = YES;
				IPHONEOS_DEPLOYMENT_TARGET = 12.0;
				MTL_ENABLE_DEBUG_INFO = INCLUDE_SOURCE;
				MTL_FAST_MATH = YES;
				ONLY_ACTIVE_ARCH = YES;
				SDKROOT = iphoneos;
				SWIFT_ACTIVE_COMPILATION_CONDITIONS = DEBUG;
				SWIFT_OPTIMIZATION_LEVEL = "-Onone";
			};
			name = Debug;
		};
		D2E205AA23725815009994B7 /* Release */ = {
			isa = XCBuildConfiguration;
			buildSettings = {
				ALWAYS_SEARCH_USER_PATHS = NO;
				CLANG_ANALYZER_NONNULL = YES;
				CLANG_ANALYZER_NUMBER_OBJECT_CONVERSION = YES_AGGRESSIVE;
				CLANG_CXX_LANGUAGE_STANDARD = "gnu++14";
				CLANG_CXX_LIBRARY = "libc++";
				CLANG_ENABLE_MODULES = YES;
				CLANG_ENABLE_OBJC_ARC = YES;
				CLANG_ENABLE_OBJC_WEAK = YES;
				CLANG_WARN_BLOCK_CAPTURE_AUTORELEASING = YES;
				CLANG_WARN_BOOL_CONVERSION = YES;
				CLANG_WARN_COMMA = YES;
				CLANG_WARN_CONSTANT_CONVERSION = YES;
				CLANG_WARN_DEPRECATED_OBJC_IMPLEMENTATIONS = YES;
				CLANG_WARN_DIRECT_OBJC_ISA_USAGE = YES_ERROR;
				CLANG_WARN_DOCUMENTATION_COMMENTS = YES;
				CLANG_WARN_EMPTY_BODY = YES;
				CLANG_WARN_ENUM_CONVERSION = YES;
				CLANG_WARN_INFINITE_RECURSION = YES;
				CLANG_WARN_INT_CONVERSION = YES;
				CLANG_WARN_NON_LITERAL_NULL_CONVERSION = YES;
				CLANG_WARN_OBJC_IMPLICIT_RETAIN_SELF = YES;
				CLANG_WARN_OBJC_LITERAL_CONVERSION = YES;
				CLANG_WARN_OBJC_ROOT_CLASS = YES_ERROR;
				CLANG_WARN_RANGE_LOOP_ANALYSIS = YES;
				CLANG_WARN_STRICT_PROTOTYPES = YES;
				CLANG_WARN_SUSPICIOUS_MOVE = YES;
				CLANG_WARN_UNGUARDED_AVAILABILITY = YES_AGGRESSIVE;
				CLANG_WARN_UNREACHABLE_CODE = YES;
				CLANG_WARN__DUPLICATE_METHOD_MATCH = YES;
				CODE_SIGN_IDENTITY = "iPhone Developer";
				COPY_PHASE_STRIP = NO;
				DEBUG_INFORMATION_FORMAT = "dwarf-with-dsym";
				ENABLE_NS_ASSERTIONS = NO;
				ENABLE_STRICT_OBJC_MSGSEND = YES;
				GCC_C_LANGUAGE_STANDARD = gnu11;
				GCC_NO_COMMON_BLOCKS = YES;
				GCC_WARN_64_TO_32_BIT_CONVERSION = YES;
				GCC_WARN_ABOUT_RETURN_TYPE = YES_ERROR;
				GCC_WARN_UNDECLARED_SELECTOR = YES;
				GCC_WARN_UNINITIALIZED_AUTOS = YES_AGGRESSIVE;
				GCC_WARN_UNUSED_FUNCTION = YES;
				GCC_WARN_UNUSED_VARIABLE = YES;
				IPHONEOS_DEPLOYMENT_TARGET = 12.0;
				MTL_ENABLE_DEBUG_INFO = NO;
				MTL_FAST_MATH = YES;
				SDKROOT = iphoneos;
				SWIFT_COMPILATION_MODE = wholemodule;
				SWIFT_OPTIMIZATION_LEVEL = "-O";
				VALIDATE_PRODUCT = YES;
			};
			name = Release;
		};
		D2E205AC23725815009994B7 /* Debug */ = {
			isa = XCBuildConfiguration;
			buildSettings = {
				ASSETCATALOG_COMPILER_APPICON_NAME = AppIcon;
				CODE_SIGN_STYLE = Automatic;
				DEVELOPMENT_TEAM = 6AZTNKTE3P;
				INFOPLIST_FILE = Coordinator/Info.plist;
				IPHONEOS_DEPLOYMENT_TARGET = 11.0;
				LD_RUNPATH_SEARCH_PATHS = (
					"$(inherited)",
					"@executable_path/Frameworks",
				);
				PRODUCT_BUNDLE_IDENTIFIER = com.aletlima.Coordinator;
				PRODUCT_NAME = "$(TARGET_NAME)";
				SWIFT_VERSION = 4.2;
				TARGETED_DEVICE_FAMILY = 1;
			};
			name = Debug;
		};
		D2E205AD23725815009994B7 /* Release */ = {
			isa = XCBuildConfiguration;
			buildSettings = {
				ASSETCATALOG_COMPILER_APPICON_NAME = AppIcon;
				CODE_SIGN_STYLE = Automatic;
				DEVELOPMENT_TEAM = 6AZTNKTE3P;
				INFOPLIST_FILE = Coordinator/Info.plist;
				IPHONEOS_DEPLOYMENT_TARGET = 11.0;
				LD_RUNPATH_SEARCH_PATHS = (
					"$(inherited)",
					"@executable_path/Frameworks",
				);
				PRODUCT_BUNDLE_IDENTIFIER = com.aletlima.Coordinator;
				PRODUCT_NAME = "$(TARGET_NAME)";
				SWIFT_VERSION = 4.2;
				TARGETED_DEVICE_FAMILY = 1;
			};
			name = Release;
		};
		D2E205AF23725815009994B7 /* Debug */ = {
			isa = XCBuildConfiguration;
			buildSettings = {
				ALWAYS_EMBED_SWIFT_STANDARD_LIBRARIES = YES;
				BUNDLE_LOADER = "$(TEST_HOST)";
				CODE_SIGN_STYLE = Automatic;
				DEVELOPMENT_TEAM = 6AZTNKTE3P;
				INFOPLIST_FILE = CoordinatorTests/Info.plist;
				LD_RUNPATH_SEARCH_PATHS = (
					"$(inherited)",
					"@executable_path/Frameworks",
					"@loader_path/Frameworks",
				);
				PRODUCT_BUNDLE_IDENTIFIER = com.aletlima.CoordinatorTests;
				PRODUCT_NAME = "$(TARGET_NAME)";
				SWIFT_VERSION = 4.2;
				TARGETED_DEVICE_FAMILY = "1,2";
				TEST_HOST = "$(BUILT_PRODUCTS_DIR)/Coordinator.app/Coordinator";
			};
			name = Debug;
		};
		D2E205B023725815009994B7 /* Release */ = {
			isa = XCBuildConfiguration;
			buildSettings = {
				ALWAYS_EMBED_SWIFT_STANDARD_LIBRARIES = YES;
				BUNDLE_LOADER = "$(TEST_HOST)";
				CODE_SIGN_STYLE = Automatic;
				DEVELOPMENT_TEAM = 6AZTNKTE3P;
				INFOPLIST_FILE = CoordinatorTests/Info.plist;
				LD_RUNPATH_SEARCH_PATHS = (
					"$(inherited)",
					"@executable_path/Frameworks",
					"@loader_path/Frameworks",
				);
				PRODUCT_BUNDLE_IDENTIFIER = com.aletlima.CoordinatorTests;
				PRODUCT_NAME = "$(TARGET_NAME)";
				SWIFT_VERSION = 4.2;
				TARGETED_DEVICE_FAMILY = "1,2";
				TEST_HOST = "$(BUILT_PRODUCTS_DIR)/Coordinator.app/Coordinator";
			};
			name = Release;
		};
		D2E205B223725815009994B7 /* Debug */ = {
			isa = XCBuildConfiguration;
			buildSettings = {
				ALWAYS_EMBED_SWIFT_STANDARD_LIBRARIES = YES;
				CODE_SIGN_STYLE = Automatic;
				DEVELOPMENT_TEAM = 6AZTNKTE3P;
				INFOPLIST_FILE = CoordinatorUITests/Info.plist;
				LD_RUNPATH_SEARCH_PATHS = (
					"$(inherited)",
					"@executable_path/Frameworks",
					"@loader_path/Frameworks",
				);
				PRODUCT_BUNDLE_IDENTIFIER = com.aletlima.CoordinatorUITests;
				PRODUCT_NAME = "$(TARGET_NAME)";
				SWIFT_VERSION = 4.2;
				TARGETED_DEVICE_FAMILY = "1,2";
				TEST_TARGET_NAME = Coordinator;
			};
			name = Debug;
		};
		D2E205B323725815009994B7 /* Release */ = {
			isa = XCBuildConfiguration;
			buildSettings = {
				ALWAYS_EMBED_SWIFT_STANDARD_LIBRARIES = YES;
				CODE_SIGN_STYLE = Automatic;
				DEVELOPMENT_TEAM = 6AZTNKTE3P;
				INFOPLIST_FILE = CoordinatorUITests/Info.plist;
				LD_RUNPATH_SEARCH_PATHS = (
					"$(inherited)",
					"@executable_path/Frameworks",
					"@loader_path/Frameworks",
				);
				PRODUCT_BUNDLE_IDENTIFIER = com.aletlima.CoordinatorUITests;
				PRODUCT_NAME = "$(TARGET_NAME)";
				SWIFT_VERSION = 4.2;
				TARGETED_DEVICE_FAMILY = "1,2";
				TEST_TARGET_NAME = Coordinator;
			};
			name = Release;
		};
/* End XCBuildConfiguration section */

/* Begin XCConfigurationList section */
		D2E2057E2372580E009994B7 /* Build configuration list for PBXProject "Coordinator" */ = {
			isa = XCConfigurationList;
			buildConfigurations = (
				D2E205A923725815009994B7 /* Debug */,
				D2E205AA23725815009994B7 /* Release */,
			);
			defaultConfigurationIsVisible = 0;
			defaultConfigurationName = Release;
		};
		D2E205AB23725815009994B7 /* Build configuration list for PBXNativeTarget "Coordinator" */ = {
			isa = XCConfigurationList;
			buildConfigurations = (
				D2E205AC23725815009994B7 /* Debug */,
				D2E205AD23725815009994B7 /* Release */,
			);
			defaultConfigurationIsVisible = 0;
			defaultConfigurationName = Release;
		};
		D2E205AE23725815009994B7 /* Build configuration list for PBXNativeTarget "CoordinatorTests" */ = {
			isa = XCConfigurationList;
			buildConfigurations = (
				D2E205AF23725815009994B7 /* Debug */,
				D2E205B023725815009994B7 /* Release */,
			);
			defaultConfigurationIsVisible = 0;
			defaultConfigurationName = Release;
		};
		D2E205B123725815009994B7 /* Build configuration list for PBXNativeTarget "CoordinatorUITests" */ = {
			isa = XCConfigurationList;
			buildConfigurations = (
				D2E205B223725815009994B7 /* Debug */,
				D2E205B323725815009994B7 /* Release */,
			);
			defaultConfigurationIsVisible = 0;
			defaultConfigurationName = Release;
		};
/* End XCConfigurationList section */
	};
	rootObject = D2E2057B2372580E009994B7 /* Project object */;
}
